// !$*UTF8*$!
{
	archiveVersion = 1;
	classes = {
	};
	objectVersion = 46;
	objects = {

/* Begin PBXBuildFile section */
		E61505C71DDF62C0007D7947 /* main.cpp in Sources */ = {isa = PBXBuildFile; fileRef = E61505C61DDF62C0007D7947 /* main.cpp */; };
		E6E053561DDF78FB002B01EA /* fd.cpp in Sources */ = {isa = PBXBuildFile; fileRef = E6E053521DDF78FB002B01EA /* fd.cpp */; };
		E6E053591DDF82B2002B01EA /* scanner.cpp in Sources */ = {isa = PBXBuildFile; fileRef = E6E053581DDF82B2002B01EA /* scanner.cpp */; };
		E6E0535F1DDFDFD9002B01EA /* ast.cpp in Sources */ = {isa = PBXBuildFile; fileRef = E6E0535B1DDFDFD9002B01EA /* ast.cpp */; };
		E6E053631DDFE1CA002B01EA /* symbol.cpp in Sources */ = {isa = PBXBuildFile; fileRef = E6E053621DDFE1CA002B01EA /* symbol.cpp */; };
		E6E0536A1DE0B227002B01EA /* parsing.cpp in Sources */ = {isa = PBXBuildFile; fileRef = E6E053681DE0B227002B01EA /* parsing.cpp */; };
/* End PBXBuildFile section */

/* Begin PBXCopyFilesBuildPhase section */
		E61505C11DDF62C0007D7947 /* CopyFiles */ = {
			isa = PBXCopyFilesBuildPhase;
			buildActionMask = 2147483647;
			dstPath = /usr/share/man/man1/;
			dstSubfolderSpec = 0;
			files = (
			);
			runOnlyForDeploymentPostprocessing = 1;
		};
/* End PBXCopyFilesBuildPhase section */

/* Begin PBXFileReference section */
		E61505C31DDF62C0007D7947 /* parser */ = {isa = PBXFileReference; explicitFileType = "compiled.mach-o.executable"; includeInIndex = 0; path = parser; sourceTree = BUILT_PRODUCTS_DIR; };
		E61505C61DDF62C0007D7947 /* main.cpp */ = {isa = PBXFileReference; lastKnownFileType = sourcecode.cpp.cpp; path = main.cpp; sourceTree = "<group>"; };
		E6E053521DDF78FB002B01EA /* fd.cpp */ = {isa = PBXFileReference; fileEncoding = 4; lastKnownFileType = sourcecode.cpp.cpp; path = fd.cpp; sourceTree = "<group>"; };
		E6E053531DDF78FB002B01EA /* fd.h */ = {isa = PBXFileReference; fileEncoding = 4; lastKnownFileType = sourcecode.c.h; path = fd.h; sourceTree = "<group>"; };
		E6E053541DDF78FB002B01EA /* scanner.h */ = {isa = PBXFileReference; fileEncoding = 4; lastKnownFileType = sourcecode.c.h; path = scanner.h; sourceTree = "<group>"; };
		E6E053581DDF82B2002B01EA /* scanner.cpp */ = {isa = PBXFileReference; fileEncoding = 4; lastKnownFileType = sourcecode.cpp.cpp; path = scanner.cpp; sourceTree = "<group>"; };
		E6E0535A1DDF87BE002B01EA /* code.txt */ = {isa = PBXFileReference; fileEncoding = 4; lastKnownFileType = text; path = code.txt; sourceTree = "<group>"; };
		E6E0535B1DDFDFD9002B01EA /* ast.cpp */ = {isa = PBXFileReference; fileEncoding = 4; lastKnownFileType = sourcecode.cpp.cpp; path = ast.cpp; sourceTree = "<group>"; };
		E6E0535C1DDFDFD9002B01EA /* ast.h */ = {isa = PBXFileReference; fileEncoding = 4; lastKnownFileType = sourcecode.c.h; path = ast.h; sourceTree = "<group>"; };
		E6E0535D1DDFDFD9002B01EA /* code2.txt */ = {isa = PBXFileReference; fileEncoding = 4; lastKnownFileType = text; path = code2.txt; sourceTree = "<group>"; };
		E6E053611DDFE03F002B01EA /* symbol.h */ = {isa = PBXFileReference; lastKnownFileType = sourcecode.c.h; path = symbol.h; sourceTree = "<group>"; };
		E6E053621DDFE1CA002B01EA /* symbol.cpp */ = {isa = PBXFileReference; fileEncoding = 4; lastKnownFileType = sourcecode.cpp.cpp; path = symbol.cpp; sourceTree = "<group>"; };
		E6E053681DE0B227002B01EA /* parsing.cpp */ = {isa = PBXFileReference; fileEncoding = 4; lastKnownFileType = sourcecode.cpp.cpp; path = parsing.cpp; sourceTree = "<group>"; };
		E6E053691DE0B227002B01EA /* parsing.hpp */ = {isa = PBXFileReference; fileEncoding = 4; lastKnownFileType = sourcecode.cpp.h; path = parsing.hpp; sourceTree = "<group>"; };
/* End PBXFileReference section */

/* Begin PBXFrameworksBuildPhase section */
		E61505C01DDF62C0007D7947 /* Frameworks */ = {
			isa = PBXFrameworksBuildPhase;
			buildActionMask = 2147483647;
			files = (
			);
			runOnlyForDeploymentPostprocessing = 0;
		};
/* End PBXFrameworksBuildPhase section */

/* Begin PBXGroup section */
		E61505BA1DDF62C0007D7947 = {
			isa = PBXGroup;
			children = (
				E61505C51DDF62C0007D7947 /* parser */,
				E61505C41DDF62C0007D7947 /* Products */,
			);
			sourceTree = "<group>";
		};
		E61505C41DDF62C0007D7947 /* Products */ = {
			isa = PBXGroup;
			children = (
				E61505C31DDF62C0007D7947 /* parser */,
			);
			name = Products;
			sourceTree = "<group>";
		};
		E61505C51DDF62C0007D7947 /* parser */ = {
			isa = PBXGroup;
			children = (
				E6E053621DDFE1CA002B01EA /* symbol.cpp */,
				E6E0535B1DDFDFD9002B01EA /* ast.cpp */,
				E6E0535C1DDFDFD9002B01EA /* ast.h */,
				E6E0535D1DDFDFD9002B01EA /* code2.txt */,
				E6E0535A1DDF87BE002B01EA /* code.txt */,
				E6E053581DDF82B2002B01EA /* scanner.cpp */,
				E6E053521DDF78FB002B01EA /* fd.cpp */,
				E6E053531DDF78FB002B01EA /* fd.h */,
				E6E053541DDF78FB002B01EA /* scanner.h */,
				E61505C61DDF62C0007D7947 /* main.cpp */,
				E6E053611DDFE03F002B01EA /* symbol.h */,
				E6E053681DE0B227002B01EA /* parsing.cpp */,
				E6E053691DE0B227002B01EA /* parsing.hpp */,
			);
			path = parser;
			sourceTree = "<group>";
		};
/* End PBXGroup section */

/* Begin PBXNativeTarget section */
		E61505C21DDF62C0007D7947 /* parser */ = {
			isa = PBXNativeTarget;
			buildConfigurationList = E61505CA1DDF62C0007D7947 /* Build configuration list for PBXNativeTarget "parser" */;
			buildPhases = (
				E61505BF1DDF62C0007D7947 /* Sources */,
				E61505C01DDF62C0007D7947 /* Frameworks */,
				E61505C11DDF62C0007D7947 /* CopyFiles */,
			);
			buildRules = (
			);
			dependencies = (
			);
			name = parser;
			productName = parser;
			productReference = E61505C31DDF62C0007D7947 /* parser */;
			productType = "com.apple.product-type.tool";
		};
/* End PBXNativeTarget section */

/* Begin PBXProject section */
		E61505BB1DDF62C0007D7947 /* Project object */ = {
			isa = PBXProject;
			attributes = {
				LastUpgradeCheck = 0800;
				ORGANIZATIONNAME = "Nael Kilani";
				TargetAttributes = {
					E61505C21DDF62C0007D7947 = {
						CreatedOnToolsVersion = 8.0;
						ProvisioningStyle = Automatic;
					};
				};
			};
			buildConfigurationList = E61505BE1DDF62C0007D7947 /* Build configuration list for PBXProject "parser" */;
			compatibilityVersion = "Xcode 3.2";
			developmentRegion = English;
			hasScannedForEncodings = 0;
			knownRegions = (
				en,
			);
			mainGroup = E61505BA1DDF62C0007D7947;
			productRefGroup = E61505C41DDF62C0007D7947 /* Products */;
			projectDirPath = "";
			projectRoot = "";
			targets = (
				E61505C21DDF62C0007D7947 /* parser */,
			);
		};
/* End PBXProject section */

/* Begin PBXSourcesBuildPhase section */
		E61505BF1DDF62C0007D7947 /* Sources */ = {
			isa = PBXSourcesBuildPhase;
			buildActionMask = 2147483647;
			files = (
				E6E0535F1DDFDFD9002B01EA /* ast.cpp in Sources */,
				E61505C71DDF62C0007D7947 /* main.cpp in Sources */,
				E6E0536A1DE0B227002B01EA /* parsing.cpp in Sources */,
				E6E053631DDFE1CA002B01EA /* symbol.cpp in Sources */,
				E6E053591DDF82B2002B01EA /* scanner.cpp in Sources */,
				E6E053561DDF78FB002B01EA /* fd.cpp in Sources */,
			);
			runOnlyForDeploymentPostprocessing = 0;
		};
/* End PBXSourcesBuildPhase section */

/* Begin XCBuildConfiguration section */
		E61505C81DDF62C0007D7947 /* Debug */ = {
			isa = XCBuildConfiguration;
			buildSettings = {
				ALWAYS_SEARCH_USER_PATHS = NO;
				CLANG_ANALYZER_NONNULL = YES;
				CLANG_CXX_LANGUAGE_STANDARD = "gnu++0x";
				CLANG_CXX_LIBRARY = "libc++";
				CLANG_ENABLE_MODULES = YES;
				CLANG_ENABLE_OBJC_ARC = YES;
				CLANG_WARN_BOOL_CONVERSION = YES;
				CLANG_WARN_CONSTANT_CONVERSION = YES;
				CLANG_WARN_DIRECT_OBJC_ISA_USAGE = YES_ERROR;
				CLANG_WARN_DOCUMENTATION_COMMENTS = YES;
				CLANG_WARN_EMPTY_BODY = YES;
				CLANG_WARN_ENUM_CONVERSION = YES;
				CLANG_WARN_INFINITE_RECURSION = YES;
				CLANG_WARN_INT_CONVERSION = YES;
				CLANG_WARN_OBJC_ROOT_CLASS = YES_ERROR;
				CLANG_WARN_SUSPICIOUS_MOVES = YES;
				CLANG_WARN_UNREACHABLE_CODE = YES;
				CLANG_WARN__DUPLICATE_METHOD_MATCH = YES;
				CODE_SIGN_IDENTITY = "-";
				COPY_PHASE_STRIP = NO;
				DEBUG_INFORMATION_FORMAT = dwarf;
				ENABLE_STRICT_OBJC_MSGSEND = YES;
				ENABLE_TESTABILITY = YES;
				GCC_C_LANGUAGE_STANDARD = gnu99;
				GCC_DYNAMIC_NO_PIC = NO;
				GCC_NO_COMMON_BLOCKS = YES;
				GCC_OPTIMIZATION_LEVEL = 0;
				GCC_PREPROCESSOR_DEFINITIONS = (
					"DEBUG=1",
					"$(inherited)",
				);
				GCC_WARN_64_TO_32_BIT_CONVERSION = YES;
				GCC_WARN_ABOUT_RETURN_TYPE = YES_ERROR;
				GCC_WARN_UNDECLARED_SELECTOR = YES;
				GCC_WARN_UNINITIALIZED_AUTOS = YES_AGGRESSIVE;
				GCC_WARN_UNUSED_FUNCTION = YES;
				GCC_WARN_UNUSED_VARIABLE = YES;
				MACOSX_DEPLOYMENT_TARGET = 10.12;
				MTL_ENABLE_DEBUG_INFO = YES;
				ONLY_ACTIVE_ARCH = YES;
				SDKROOT = macosx;
			};
			name = Debug;
		};
		E61505C91DDF62C0007D7947 /* Release */ = {
			isa = XCBuildConfiguration;
			buildSettings = {
				ALWAYS_SEARCH_USER_PATHS = NO;
				CLANG_ANALYZER_NONNULL = YES;
				CLANG_CXX_LANGUAGE_STANDARD = "gnu++0x";
				CLANG_CXX_LIBRARY = "libc++";
				CLANG_ENABLE_MODULES = YES;
				CLANG_ENABLE_OBJC_ARC = YES;
				CLANG_WARN_BOOL_CONVERSION = YES;
				CLANG_WARN_CONSTANT_CONVERSION = YES;
				CLANG_WARN_DIRECT_OBJC_ISA_USAGE = YES_ERROR;
				CLANG_WARN_DOCUMENTATION_COMMENTS = YES;
				CLANG_WARN_EMPTY_BODY = YES;
				CLANG_WARN_ENUM_CONVERSION = YES;
				CLANG_WARN_INFINITE_RECURSION = YES;
				CLANG_WARN_INT_CONVERSION = YES;
				CLANG_WARN_OBJC_ROOT_CLASS = YES_ERROR;
				CLANG_WARN_SUSPICIOUS_MOVES = YES;
				CLANG_WARN_UNREACHABLE_CODE = YES;
				CLANG_WARN__DUPLICATE_METHOD_MATCH = YES;
				CODE_SIGN_IDENTITY = "-";
				COPY_PHASE_STRIP = NO;
				DEBUG_INFORMATION_FORMAT = "dwarf-with-dsym";
				ENABLE_NS_ASSERTIONS = NO;
				ENABLE_STRICT_OBJC_MSGSEND = YES;
				GCC_C_LANGUAGE_STANDARD = gnu99;
				GCC_NO_COMMON_BLOCKS = YES;
				GCC_WARN_64_TO_32_BIT_CONVERSION = YES;
				GCC_WARN_ABOUT_RETURN_TYPE = YES_ERROR;
				GCC_WARN_UNDECLARED_SELECTOR = YES;
				GCC_WARN_UNINITIALIZED_AUTOS = YES_AGGRESSIVE;
				GCC_WARN_UNUSED_FUNCTION = YES;
				GCC_WARN_UNUSED_VARIABLE = YES;
				MACOSX_DEPLOYMENT_TARGET = 10.12;
				MTL_ENABLE_DEBUG_INFO = NO;
				SDKROOT = macosx;
			};
			name = Release;
		};
		E61505CB1DDF62C0007D7947 /* Debug */ = {
			isa = XCBuildConfiguration;
			buildSettings = {
				PRODUCT_NAME = "$(TARGET_NAME)";
			};
			name = Debug;
		};
		E61505CC1DDF62C0007D7947 /* Release */ = {
			isa = XCBuildConfiguration;
			buildSettings = {
				PRODUCT_NAME = "$(TARGET_NAME)";
			};
			name = Release;
		};
/* End XCBuildConfiguration section */

/* Begin XCConfigurationList section */
		E61505BE1DDF62C0007D7947 /* Build configuration list for PBXProject "parser" */ = {
			isa = XCConfigurationList;
			buildConfigurations = (
				E61505C81DDF62C0007D7947 /* Debug */,
				E61505C91DDF62C0007D7947 /* Release */,
			);
			defaultConfigurationIsVisible = 0;
			defaultConfigurationName = Release;
		};
		E61505CA1DDF62C0007D7947 /* Build configuration list for PBXNativeTarget "parser" */ = {
			isa = XCConfigurationList;
			buildConfigurations = (
				E61505CB1DDF62C0007D7947 /* Debug */,
				E61505CC1DDF62C0007D7947 /* Release */,
			);
			defaultConfigurationIsVisible = 0;
			defaultConfigurationName = Release;
		};
/* End XCConfigurationList section */
	};
	rootObject = E61505BB1DDF62C0007D7947 /* Project object */;
}
